{
  "name": "node-disk-info",
  "version": "1.0.0",
  "lockfileVersion": 1,
  "requires": true,
  "dependencies": {
    "node-disk-info": {
      "version": "1.0.4",
      "resolved": "https://registry.npmjs.org/node-disk-info/-/node-disk-info-1.0.4.tgz",
      "integrity": "sha512-MrpdPzN2pcsl/a7IfoZVuex+ylte2Ucpc5/KDWYhGUUWZlSx7H6ku3wKWLXXBUzLnmrHh7P87HNtf+uekigvDQ=="
    }
  }
}
